
Microsoft Visual Studio Solution File, Format Version 12.00
# Visual Studio Version 16
VisualStudioVersion = 16.0.30225.117
MinimumVisualStudioVersion = 10.0.40219.1
Project("{9A19103F-16F7-4668-BE54-9A1E7A4F7556}") = "Sample.API", "Sample.API\Sample.API.csproj", "{38E348A2-4B2E-44C8-AED8-C00B56A36933}"
EndProject
Project("{9A19103F-16F7-4668-BE54-9A1E7A4F7556}") = "Sample.API.Repository", "Sample.API.Repository\Sample.API.Repository.csproj", "{6A2D4AFB-9D74-49BF-AF2E-FD5F8F461A2C}"
EndProject
Project("{9A19103F-16F7-4668-BE54-9A1E7A4F7556}") = "Sample.API.Tests", "Sample.API.Tests\Sample.API.Tests.csproj", "{048F2B39-C4AC-43E3-9101-BB0AA57347CD}"
EndProject
Project("{9A19103F-16F7-4668-BE54-9A1E7A4F7556}") = "Sample.API.Shared", "Sample.API.Shared.Entities\Sample.API.Shared.csproj", "{5E62D519-CB4E-4F3A-B78C-EF2E7D4EA4D2}"
EndProject
Project("{9A19103F-16F7-4668-BE54-9A1E7A4F7556}") = "Sample.API.Services", "Sample.Api.Services\Sample.API.Services.csproj", "{B1E22277-6713-489F-B182-84368EDB86F0}"
EndProject
Global
	GlobalSection(SolutionConfigurationPlatforms) = preSolution
		Debug|Any CPU = Debug|Any CPU
		Release|Any CPU = Release|Any CPU
	EndGlobalSection
	GlobalSection(ProjectConfigurationPlatforms) = postSolution
		{38E348A2-4B2E-44C8-AED8-C00B56A36933}.Debug|Any CPU.ActiveCfg = Debug|Any CPU
		{38E348A2-4B2E-44C8-AED8-C00B56A36933}.Debug|Any CPU.Build.0 = Debug|Any CPU
		{38E348A2-4B2E-44C8-AED8-C00B56A36933}.Release|Any CPU.ActiveCfg = Release|Any CPU
		{38E348A2-4B2E-44C8-AED8-C00B56A36933}.Release|Any CPU.Build.0 = Release|Any CPU
		{6A2D4AFB-9D74-49BF-AF2E-FD5F8F461A2C}.Debug|Any CPU.ActiveCfg = Debug|Any CPU
		{6A2D4AFB-9D74-49BF-AF2E-FD5F8F461A2C}.Debug|Any CPU.Build.0 = Debug|Any CPU
		{6A2D4AFB-9D74-49BF-AF2E-FD5F8F461A2C}.Release|Any CPU.ActiveCfg = Release|Any CPU
		{6A2D4AFB-9D74-49BF-AF2E-FD5F8F461A2C}.Release|Any CPU.Build.0 = Release|Any CPU
		{048F2B39-C4AC-43E3-9101-BB0AA57347CD}.Debug|Any CPU.ActiveCfg = Debug|Any CPU
		{048F2B39-C4AC-43E3-9101-BB0AA57347CD}.Debug|Any CPU.Build.0 = Debug|Any CPU
		{048F2B39-C4AC-43E3-9101-BB0AA57347CD}.Release|Any CPU.ActiveCfg = Release|Any CPU
		{048F2B39-C4AC-43E3-9101-BB0AA57347CD}.Release|Any CPU.Build.0 = Release|Any CPU
		{5E62D519-CB4E-4F3A-B78C-EF2E7D4EA4D2}.Debug|Any CPU.ActiveCfg = Debug|Any CPU
		{5E62D519-CB4E-4F3A-B78C-EF2E7D4EA4D2}.Debug|Any CPU.Build.0 = Debug|Any CPU
		{5E62D519-CB4E-4F3A-B78C-EF2E7D4EA4D2}.Release|Any CPU.ActiveCfg = Release|Any CPU
		{5E62D519-CB4E-4F3A-B78C-EF2E7D4EA4D2}.Release|Any CPU.Build.0 = Release|Any CPU
		{B1E22277-6713-489F-B182-84368EDB86F0}.Debug|Any CPU.ActiveCfg = Debug|Any CPU
		{B1E22277-6713-489F-B182-84368EDB86F0}.Debug|Any CPU.Build.0 = Debug|Any CPU
		{B1E22277-6713-489F-B182-84368EDB86F0}.Release|Any CPU.ActiveCfg = Release|Any CPU
		{B1E22277-6713-489F-B182-84368EDB86F0}.Release|Any CPU.Build.0 = Release|Any CPU
	EndGlobalSection
	GlobalSection(SolutionProperties) = preSolution
		HideSolutionNode = FALSE
	EndGlobalSection
	GlobalSection(ExtensibilityGlobals) = postSolution
		SolutionGuid = {44122DCD-71A6-4494-B781-64E4FC2995C8}
	EndGlobalSection
EndGlobal
